
Microsoft Visual Studio Solution File, Format Version 12.00
# Visual Studio Version 17
VisualStudioVersion = 17.14.36408.4 d17.14
MinimumVisualStudioVersion = 10.0.40219.1
Project("{FAE04EC0-301F-11D3-BF4B-00C04F79EFBC}") = "ETICARET.Entities", "ETICARET.Entities\ETICARET.Entities.csproj", "{C9F34E2B-AAB8-421E-AD24-323E1A38DCD1}"
EndProject
Project("{FAE04EC0-301F-11D3-BF4B-00C04F79EFBC}") = "ETICARET.DataAccess", "ETICARET.DataAccess\ETICARET.DataAccess.csproj", "{2C52F48F-2CB0-4C8C-97F7-6FBEC2F4D477}"
EndProject
Global
	GlobalSection(SolutionConfigurationPlatforms) = preSolution
		Debug|Any CPU = Debug|Any CPU
		Release|Any CPU = Release|Any CPU
	EndGlobalSection
	GlobalSection(ProjectConfigurationPlatforms) = postSolution
		{C9F34E2B-AAB8-421E-AD24-323E1A38DCD1}.Debug|Any CPU.ActiveCfg = Debug|Any CPU
		{C9F34E2B-AAB8-421E-AD24-323E1A38DCD1}.Debug|Any CPU.Build.0 = Debug|Any CPU
		{C9F34E2B-AAB8-421E-AD24-323E1A38DCD1}.Release|Any CPU.ActiveCfg = Release|Any CPU
		{C9F34E2B-AAB8-421E-AD24-323E1A38DCD1}.Release|Any CPU.Build.0 = Release|Any CPU
		{2C52F48F-2CB0-4C8C-97F7-6FBEC2F4D477}.Debug|Any CPU.ActiveCfg = Debug|Any CPU
		{2C52F48F-2CB0-4C8C-97F7-6FBEC2F4D477}.Debug|Any CPU.Build.0 = Debug|Any CPU
		{2C52F48F-2CB0-4C8C-97F7-6FBEC2F4D477}.Release|Any CPU.ActiveCfg = Release|Any CPU
		{2C52F48F-2CB0-4C8C-97F7-6FBEC2F4D477}.Release|Any CPU.Build.0 = Release|Any CPU
	EndGlobalSection
	GlobalSection(SolutionProperties) = preSolution
		HideSolutionNode = FALSE
	EndGlobalSection
	GlobalSection(ExtensibilityGlobals) = postSolution
		SolutionGuid = {DE11B944-9C88-4003-B46E-E71E92581FA3}
	EndGlobalSection
EndGlobal
